
Microsoft Visual Studio Solution File, Format Version 12.00
# Visual Studio Version 16
VisualStudioVersion = 16.6.30114.105
MinimumVisualStudioVersion = 10.0.40219.1
Project("{2150E333-8FDC-42A3-9474-1A3956D46DE8}") = "src", "src", "{EED868B0-0042-42DF-8C9C-7B04F7B1BBAE}"
EndProject
Project("{9A19103F-16F7-4668-BE54-9A1E7A4F7556}") = "SADT", "src\SADT\SADT.csproj", "{3333752E-AD74-4B60-AD36-3BC58139D1ED}"
EndProject
Project("{9A19103F-16F7-4668-BE54-9A1E7A4F7556}") = "SADT.Core", "src\SADT.Core\SADT.Core.csproj", "{7FD47F65-83B9-4584-8E58-FD0BFAC3C610}"
EndProject
Project("{2150E333-8FDC-42A3-9474-1A3956D46DE8}") = "tests", "tests", "{57126F26-5820-4B89-A947-00B341E4769B}"
EndProject
Project("{9A19103F-16F7-4668-BE54-9A1E7A4F7556}") = "SADT.Core.Tests", "tests\SADT.Core.Tests\SADT.Core.Tests.csproj", "{5542CC45-D719-4DF3-8B08-999B6BCB129D}"
EndProject
Project("{2150E333-8FDC-42A3-9474-1A3956D46DE8}") = "Services", "Services", "{663C1A75-0ED1-43C8-BA98-97A924DFD5C5}"
EndProject
Project("{9A19103F-16F7-4668-BE54-9A1E7A4F7556}") = "SADT.Services.Notifications", "src\Services\SADT.Services.Notifications\SADT.Services.Notifications.csproj", "{F6A278AC-079B-4616-B341-C81A24786A8E}"
EndProject
Project("{2150E333-8FDC-42A3-9474-1A3956D46DE8}") = "Modules", "Modules", "{4391A8F0-FF52-4529-BDF6-8FC1CFE0D0E7}"
EndProject
Project("{2150E333-8FDC-42A3-9474-1A3956D46DE8}") = "DataAccess", "DataAccess", "{4C87A4FF-1E5C-45DD-942A-91D695C6A67D}"
EndProject
Project("{9A19103F-16F7-4668-BE54-9A1E7A4F7556}") = "SADT.DataAccess.Sqlite", "src\DataAccess\SADT.DataAccess.Sqlite\SADT.DataAccess.Sqlite.csproj", "{F092BC0E-9BE4-4F24-8499-97548955FA66}"
EndProject
Project("{9A19103F-16F7-4668-BE54-9A1E7A4F7556}") = "SADT.Modules.StartWindow", "src\Modules\SADT.Modules.StartWindow\SADT.Modules.StartWindow.csproj", "{1E61806F-9F78-4148-89AA-E8BC66A55EC2}"
EndProject
Project("{9A19103F-16F7-4668-BE54-9A1E7A4F7556}") = "SADT.Services.FileManager", "src\Services\SADT.Services.FileManager\SADT.Services.FileManager.csproj", "{A66C2F7D-166E-4840-910B-235A046532B5}"
EndProject
Global
	GlobalSection(SolutionConfigurationPlatforms) = preSolution
		Debug|Any CPU = Debug|Any CPU
		Debug|x64 = Debug|x64
		Debug|x86 = Debug|x86
		Release|Any CPU = Release|Any CPU
		Release|x64 = Release|x64
		Release|x86 = Release|x86
	EndGlobalSection
	GlobalSection(ProjectConfigurationPlatforms) = postSolution
		{3333752E-AD74-4B60-AD36-3BC58139D1ED}.Debug|Any CPU.ActiveCfg = Debug|Any CPU
		{3333752E-AD74-4B60-AD36-3BC58139D1ED}.Debug|Any CPU.Build.0 = Debug|Any CPU
		{3333752E-AD74-4B60-AD36-3BC58139D1ED}.Debug|x64.ActiveCfg = Debug|Any CPU
		{3333752E-AD74-4B60-AD36-3BC58139D1ED}.Debug|x64.Build.0 = Debug|Any CPU
		{3333752E-AD74-4B60-AD36-3BC58139D1ED}.Debug|x86.ActiveCfg = Debug|Any CPU
		{3333752E-AD74-4B60-AD36-3BC58139D1ED}.Debug|x86.Build.0 = Debug|Any CPU
		{3333752E-AD74-4B60-AD36-3BC58139D1ED}.Release|Any CPU.ActiveCfg = Release|Any CPU
		{3333752E-AD74-4B60-AD36-3BC58139D1ED}.Release|Any CPU.Build.0 = Release|Any CPU
		{3333752E-AD74-4B60-AD36-3BC58139D1ED}.Release|x64.ActiveCfg = Release|Any CPU
		{3333752E-AD74-4B60-AD36-3BC58139D1ED}.Release|x64.Build.0 = Release|Any CPU
		{3333752E-AD74-4B60-AD36-3BC58139D1ED}.Release|x86.ActiveCfg = Release|Any CPU
		{3333752E-AD74-4B60-AD36-3BC58139D1ED}.Release|x86.Build.0 = Release|Any CPU
		{7FD47F65-83B9-4584-8E58-FD0BFAC3C610}.Debug|Any CPU.ActiveCfg = Debug|Any CPU
		{7FD47F65-83B9-4584-8E58-FD0BFAC3C610}.Debug|Any CPU.Build.0 = Debug|Any CPU
		{7FD47F65-83B9-4584-8E58-FD0BFAC3C610}.Debug|x64.ActiveCfg = Debug|Any CPU
		{7FD47F65-83B9-4584-8E58-FD0BFAC3C610}.Debug|x64.Build.0 = Debug|Any CPU
		{7FD47F65-83B9-4584-8E58-FD0BFAC3C610}.Debug|x86.ActiveCfg = Debug|Any CPU
		{7FD47F65-83B9-4584-8E58-FD0BFAC3C610}.Debug|x86.Build.0 = Debug|Any CPU
		{7FD47F65-83B9-4584-8E58-FD0BFAC3C610}.Release|Any CPU.ActiveCfg = Release|Any CPU
		{7FD47F65-83B9-4584-8E58-FD0BFAC3C610}.Release|Any CPU.Build.0 = Release|Any CPU
		{7FD47F65-83B9-4584-8E58-FD0BFAC3C610}.Release|x64.ActiveCfg = Release|Any CPU
		{7FD47F65-83B9-4584-8E58-FD0BFAC3C610}.Release|x64.Build.0 = Release|Any CPU
		{7FD47F65-83B9-4584-8E58-FD0BFAC3C610}.Release|x86.ActiveCfg = Release|Any CPU
		{7FD47F65-83B9-4584-8E58-FD0BFAC3C610}.Release|x86.Build.0 = Release|Any CPU
		{5542CC45-D719-4DF3-8B08-999B6BCB129D}.Debug|Any CPU.ActiveCfg = Debug|Any CPU
		{5542CC45-D719-4DF3-8B08-999B6BCB129D}.Debug|Any CPU.Build.0 = Debug|Any CPU
		{5542CC45-D719-4DF3-8B08-999B6BCB129D}.Debug|x64.ActiveCfg = Debug|Any CPU
		{5542CC45-D719-4DF3-8B08-999B6BCB129D}.Debug|x64.Build.0 = Debug|Any CPU
		{5542CC45-D719-4DF3-8B08-999B6BCB129D}.Debug|x86.ActiveCfg = Debug|Any CPU
		{5542CC45-D719-4DF3-8B08-999B6BCB129D}.Debug|x86.Build.0 = Debug|Any CPU
		{5542CC45-D719-4DF3-8B08-999B6BCB129D}.Release|Any CPU.ActiveCfg = Release|Any CPU
		{5542CC45-D719-4DF3-8B08-999B6BCB129D}.Release|Any CPU.Build.0 = Release|Any CPU
		{5542CC45-D719-4DF3-8B08-999B6BCB129D}.Release|x64.ActiveCfg = Release|Any CPU
		{5542CC45-D719-4DF3-8B08-999B6BCB129D}.Release|x64.Build.0 = Release|Any CPU
		{5542CC45-D719-4DF3-8B08-999B6BCB129D}.Release|x86.ActiveCfg = Release|Any CPU
		{5542CC45-D719-4DF3-8B08-999B6BCB129D}.Release|x86.Build.0 = Release|Any CPU
		{F6A278AC-079B-4616-B341-C81A24786A8E}.Debug|Any CPU.ActiveCfg = Debug|Any CPU
		{F6A278AC-079B-4616-B341-C81A24786A8E}.Debug|Any CPU.Build.0 = Debug|Any CPU
		{F6A278AC-079B-4616-B341-C81A24786A8E}.Debug|x64.ActiveCfg = Debug|Any CPU
		{F6A278AC-079B-4616-B341-C81A24786A8E}.Debug|x64.Build.0 = Debug|Any CPU
		{F6A278AC-079B-4616-B341-C81A24786A8E}.Debug|x86.ActiveCfg = Debug|Any CPU
		{F6A278AC-079B-4616-B341-C81A24786A8E}.Debug|x86.Build.0 = Debug|Any CPU
		{F6A278AC-079B-4616-B341-C81A24786A8E}.Release|Any CPU.ActiveCfg = Release|Any CPU
		{F6A278AC-079B-4616-B341-C81A24786A8E}.Release|Any CPU.Build.0 = Release|Any CPU
		{F6A278AC-079B-4616-B341-C81A24786A8E}.Release|x64.ActiveCfg = Release|Any CPU
		{F6A278AC-079B-4616-B341-C81A24786A8E}.Release|x64.Build.0 = Release|Any CPU
		{F6A278AC-079B-4616-B341-C81A24786A8E}.Release|x86.ActiveCfg = Release|Any CPU
		{F6A278AC-079B-4616-B341-C81A24786A8E}.Release|x86.Build.0 = Release|Any CPU
		{F092BC0E-9BE4-4F24-8499-97548955FA66}.Debug|Any CPU.ActiveCfg = Debug|Any CPU
		{F092BC0E-9BE4-4F24-8499-97548955FA66}.Debug|Any CPU.Build.0 = Debug|Any CPU
		{F092BC0E-9BE4-4F24-8499-97548955FA66}.Debug|x64.ActiveCfg = Debug|Any CPU
		{F092BC0E-9BE4-4F24-8499-97548955FA66}.Debug|x64.Build.0 = Debug|Any CPU
		{F092BC0E-9BE4-4F24-8499-97548955FA66}.Debug|x86.ActiveCfg = Debug|Any CPU
		{F092BC0E-9BE4-4F24-8499-97548955FA66}.Debug|x86.Build.0 = Debug|Any CPU
		{F092BC0E-9BE4-4F24-8499-97548955FA66}.Release|Any CPU.ActiveCfg = Release|Any CPU
		{F092BC0E-9BE4-4F24-8499-97548955FA66}.Release|Any CPU.Build.0 = Release|Any CPU
		{F092BC0E-9BE4-4F24-8499-97548955FA66}.Release|x64.ActiveCfg = Release|Any CPU
		{F092BC0E-9BE4-4F24-8499-97548955FA66}.Release|x64.Build.0 = Release|Any CPU
		{F092BC0E-9BE4-4F24-8499-97548955FA66}.Release|x86.ActiveCfg = Release|Any CPU
		{F092BC0E-9BE4-4F24-8499-97548955FA66}.Release|x86.Build.0 = Release|Any CPU
		{1E61806F-9F78-4148-89AA-E8BC66A55EC2}.Debug|Any CPU.ActiveCfg = Debug|Any CPU
		{1E61806F-9F78-4148-89AA-E8BC66A55EC2}.Debug|Any CPU.Build.0 = Debug|Any CPU
		{1E61806F-9F78-4148-89AA-E8BC66A55EC2}.Debug|x64.ActiveCfg = Debug|Any CPU
		{1E61806F-9F78-4148-89AA-E8BC66A55EC2}.Debug|x64.Build.0 = Debug|Any CPU
		{1E61806F-9F78-4148-89AA-E8BC66A55EC2}.Debug|x86.ActiveCfg = Debug|Any CPU
		{1E61806F-9F78-4148-89AA-E8BC66A55EC2}.Debug|x86.Build.0 = Debug|Any CPU
		{1E61806F-9F78-4148-89AA-E8BC66A55EC2}.Release|Any CPU.ActiveCfg = Release|Any CPU
		{1E61806F-9F78-4148-89AA-E8BC66A55EC2}.Release|Any CPU.Build.0 = Release|Any CPU
		{1E61806F-9F78-4148-89AA-E8BC66A55EC2}.Release|x64.ActiveCfg = Release|Any CPU
		{1E61806F-9F78-4148-89AA-E8BC66A55EC2}.Release|x64.Build.0 = Release|Any CPU
		{1E61806F-9F78-4148-89AA-E8BC66A55EC2}.Release|x86.ActiveCfg = Release|Any CPU
		{1E61806F-9F78-4148-89AA-E8BC66A55EC2}.Release|x86.Build.0 = Release|Any CPU
		{A66C2F7D-166E-4840-910B-235A046532B5}.Debug|Any CPU.ActiveCfg = Debug|Any CPU
		{A66C2F7D-166E-4840-910B-235A046532B5}.Debug|Any CPU.Build.0 = Debug|Any CPU
		{A66C2F7D-166E-4840-910B-235A046532B5}.Debug|x64.ActiveCfg = Debug|Any CPU
		{A66C2F7D-166E-4840-910B-235A046532B5}.Debug|x64.Build.0 = Debug|Any CPU
		{A66C2F7D-166E-4840-910B-235A046532B5}.Debug|x86.ActiveCfg = Debug|Any CPU
		{A66C2F7D-166E-4840-910B-235A046532B5}.Debug|x86.Build.0 = Debug|Any CPU
		{A66C2F7D-166E-4840-910B-235A046532B5}.Release|Any CPU.ActiveCfg = Release|Any CPU
		{A66C2F7D-166E-4840-910B-235A046532B5}.Release|Any CPU.Build.0 = Release|Any CPU
		{A66C2F7D-166E-4840-910B-235A046532B5}.Release|x64.ActiveCfg = Release|Any CPU
		{A66C2F7D-166E-4840-910B-235A046532B5}.Release|x64.Build.0 = Release|Any CPU
		{A66C2F7D-166E-4840-910B-235A046532B5}.Release|x86.ActiveCfg = Release|Any CPU
		{A66C2F7D-166E-4840-910B-235A046532B5}.Release|x86.Build.0 = Release|Any CPU
	EndGlobalSection
	GlobalSection(SolutionProperties) = preSolution
		HideSolutionNode = FALSE
	EndGlobalSection
	GlobalSection(NestedProjects) = preSolution
		{3333752E-AD74-4B60-AD36-3BC58139D1ED} = {EED868B0-0042-42DF-8C9C-7B04F7B1BBAE}
		{7FD47F65-83B9-4584-8E58-FD0BFAC3C610} = {EED868B0-0042-42DF-8C9C-7B04F7B1BBAE}
		{5542CC45-D719-4DF3-8B08-999B6BCB129D} = {57126F26-5820-4B89-A947-00B341E4769B}
		{663C1A75-0ED1-43C8-BA98-97A924DFD5C5} = {EED868B0-0042-42DF-8C9C-7B04F7B1BBAE}
		{F6A278AC-079B-4616-B341-C81A24786A8E} = {663C1A75-0ED1-43C8-BA98-97A924DFD5C5}
		{4C87A4FF-1E5C-45DD-942A-91D695C6A67D} = {EED868B0-0042-42DF-8C9C-7B04F7B1BBAE}
		{F092BC0E-9BE4-4F24-8499-97548955FA66} = {4C87A4FF-1E5C-45DD-942A-91D695C6A67D}
		{1E61806F-9F78-4148-89AA-E8BC66A55EC2} = {4391A8F0-FF52-4529-BDF6-8FC1CFE0D0E7}
		{A66C2F7D-166E-4840-910B-235A046532B5} = {663C1A75-0ED1-43C8-BA98-97A924DFD5C5}
		{4391A8F0-FF52-4529-BDF6-8FC1CFE0D0E7} = {EED868B0-0042-42DF-8C9C-7B04F7B1BBAE}
	EndGlobalSection
	GlobalSection(ExtensibilityGlobals) = postSolution
		SolutionGuid = {C7D2E559-C4B1-43B0-A6B1-165A099E6355}
	EndGlobalSection
EndGlobal
